
Microsoft Visual Studio Solution File, Format Version 12.00
# Visual Studio Version 17
VisualStudioVersion = 17.9.34723.18
MinimumVisualStudioVersion = 10.0.40219.1
Project("{9A19103F-16F7-4668-BE54-9A1E7A4F7556}") = "UserPlatform", "UserPlatform\UserPlatform.csproj", "{D92407CF-6FD8-4930-887B-FA1A9BB15A7D}"
EndProject
Project("{9A19103F-16F7-4668-BE54-9A1E7A4F7556}") = "CateringDataProcessingPlatform", "CateringDataProcessingPlatform\CateringDataProcessingPlatform.csproj", "{0B63E6AB-392D-4134-86AE-96C1DCEA0DC5}"
EndProject
Project("{9A19103F-16F7-4668-BE54-9A1E7A4F7556}") = "Shared", "Shared\Shared.csproj", "{C274E236-8040-4F05-A9DB-49F65A1C0DAA}"
EndProject
Project("{9A19103F-16F7-4668-BE54-9A1E7A4F7556}") = "CateringDataProcessingPlatform.Test", "CateringDataProcessingPlatform.Test\CateringDataProcessingPlatform.Test.csproj", "{4F9C87CF-EBCB-4E93-8D86-E9585E2D1055}"
EndProject
Project("{9A19103F-16F7-4668-BE54-9A1E7A4F7556}") = "UserPlatform.Test", "UserPlatform.Test\UserPlatform.Test.csproj", "{1EF22B91-B338-446C-B43A-A70731B56DB6}"
EndProject
Project("{2150E333-8FDC-42A3-9474-1A3956D46DE8}") = "Customer", "Customer", "{00421B85-D8B7-4C9A-85A7-A0701CFD9339}"
EndProject
Project("{2150E333-8FDC-42A3-9474-1A3956D46DE8}") = "Catering", "Catering", "{0AC24DC4-B675-48D4-A27D-5B26204179F0}"
EndProject
Project("{9A19103F-16F7-4668-BE54-9A1E7A4F7556}") = "Catering.Shared", "Catering.Models\Catering.Shared.csproj", "{805EFF05-AD29-4FFD-8158-98F03174FFE0}"
EndProject
Project("{2150E333-8FDC-42A3-9474-1A3956D46DE8}") = "Solution Items", "Solution Items", "{70485DD5-BF08-467A-8E81-08597DA9F40A}"
	ProjectSection(SolutionItems) = preProject
		contexthandler.ps1 = contexthandler.ps1
		Logbook.txt = Logbook.txt
		ReadMe.md = ReadMe.md
	EndProjectSection
EndProject
Project("{2150E333-8FDC-42A3-9474-1A3956D46DE8}") = "Other", "Other", "{AF2EBA73-8885-4A70-BF83-23AE7DBA5068}"
EndProject
Project("{9A19103F-16F7-4668-BE54-9A1E7A4F7556}") = "Shared.Test", "Shared.Test\Shared.Test.csproj", "{650B2639-B427-491A-8854-DD19AC716E6A}"
EndProject
Project("{9A19103F-16F7-4668-BE54-9A1E7A4F7556}") = "Catering.Shared.Test", "Catering.Shared.Test\Catering.Shared.Test.csproj", "{FF53AD7E-86C8-49E4-9C6F-FF75284F1C1C}"
EndProject
Project("{9A19103F-16F7-4668-BE54-9A1E7A4F7556}") = "UserPlatform.Shared", "UserPlatform.Shared\UserPlatform.Shared.csproj", "{4C36E826-1934-4924-8D70-8222B7537869}"
EndProject
Project("{9A19103F-16F7-4668-BE54-9A1E7A4F7556}") = "UserFrontend.Frontend", "UserFrontend.Frontend\UserFrontend.Frontend.csproj", "{21F3BA17-0A07-4A6D-9FC1-FB123A2D7046}"
EndProject
Project("{9A19103F-16F7-4668-BE54-9A1E7A4F7556}") = "UserPlatform.Shared.Test", "UserPlatform.Shared.Test\UserPlatform.Shared.Test.csproj", "{F9531AD0-A75F-435C-A710-B5C0755A34A8}"
EndProject
Global
	GlobalSection(SolutionConfigurationPlatforms) = preSolution
		Debug|Any CPU = Debug|Any CPU
		Release|Any CPU = Release|Any CPU
	EndGlobalSection
	GlobalSection(ProjectConfigurationPlatforms) = postSolution
		{D92407CF-6FD8-4930-887B-FA1A9BB15A7D}.Debug|Any CPU.ActiveCfg = Debug|Any CPU
		{D92407CF-6FD8-4930-887B-FA1A9BB15A7D}.Debug|Any CPU.Build.0 = Debug|Any CPU
		{D92407CF-6FD8-4930-887B-FA1A9BB15A7D}.Release|Any CPU.ActiveCfg = Release|Any CPU
		{D92407CF-6FD8-4930-887B-FA1A9BB15A7D}.Release|Any CPU.Build.0 = Release|Any CPU
		{0B63E6AB-392D-4134-86AE-96C1DCEA0DC5}.Debug|Any CPU.ActiveCfg = Debug|Any CPU
		{0B63E6AB-392D-4134-86AE-96C1DCEA0DC5}.Debug|Any CPU.Build.0 = Debug|Any CPU
		{0B63E6AB-392D-4134-86AE-96C1DCEA0DC5}.Release|Any CPU.ActiveCfg = Release|Any CPU
		{0B63E6AB-392D-4134-86AE-96C1DCEA0DC5}.Release|Any CPU.Build.0 = Release|Any CPU
		{C274E236-8040-4F05-A9DB-49F65A1C0DAA}.Debug|Any CPU.ActiveCfg = Debug|Any CPU
		{C274E236-8040-4F05-A9DB-49F65A1C0DAA}.Debug|Any CPU.Build.0 = Debug|Any CPU
		{C274E236-8040-4F05-A9DB-49F65A1C0DAA}.Release|Any CPU.ActiveCfg = Release|Any CPU
		{C274E236-8040-4F05-A9DB-49F65A1C0DAA}.Release|Any CPU.Build.0 = Release|Any CPU
		{4F9C87CF-EBCB-4E93-8D86-E9585E2D1055}.Debug|Any CPU.ActiveCfg = Debug|Any CPU
		{4F9C87CF-EBCB-4E93-8D86-E9585E2D1055}.Debug|Any CPU.Build.0 = Debug|Any CPU
		{4F9C87CF-EBCB-4E93-8D86-E9585E2D1055}.Release|Any CPU.ActiveCfg = Release|Any CPU
		{4F9C87CF-EBCB-4E93-8D86-E9585E2D1055}.Release|Any CPU.Build.0 = Release|Any CPU
		{1EF22B91-B338-446C-B43A-A70731B56DB6}.Debug|Any CPU.ActiveCfg = Debug|Any CPU
		{1EF22B91-B338-446C-B43A-A70731B56DB6}.Debug|Any CPU.Build.0 = Debug|Any CPU
		{1EF22B91-B338-446C-B43A-A70731B56DB6}.Release|Any CPU.ActiveCfg = Release|Any CPU
		{1EF22B91-B338-446C-B43A-A70731B56DB6}.Release|Any CPU.Build.0 = Release|Any CPU
		{805EFF05-AD29-4FFD-8158-98F03174FFE0}.Debug|Any CPU.ActiveCfg = Debug|Any CPU
		{805EFF05-AD29-4FFD-8158-98F03174FFE0}.Debug|Any CPU.Build.0 = Debug|Any CPU
		{805EFF05-AD29-4FFD-8158-98F03174FFE0}.Release|Any CPU.ActiveCfg = Release|Any CPU
		{805EFF05-AD29-4FFD-8158-98F03174FFE0}.Release|Any CPU.Build.0 = Release|Any CPU
		{650B2639-B427-491A-8854-DD19AC716E6A}.Debug|Any CPU.ActiveCfg = Debug|Any CPU
		{650B2639-B427-491A-8854-DD19AC716E6A}.Debug|Any CPU.Build.0 = Debug|Any CPU
		{650B2639-B427-491A-8854-DD19AC716E6A}.Release|Any CPU.ActiveCfg = Release|Any CPU
		{650B2639-B427-491A-8854-DD19AC716E6A}.Release|Any CPU.Build.0 = Release|Any CPU
		{FF53AD7E-86C8-49E4-9C6F-FF75284F1C1C}.Debug|Any CPU.ActiveCfg = Debug|Any CPU
		{FF53AD7E-86C8-49E4-9C6F-FF75284F1C1C}.Debug|Any CPU.Build.0 = Debug|Any CPU
		{FF53AD7E-86C8-49E4-9C6F-FF75284F1C1C}.Release|Any CPU.ActiveCfg = Release|Any CPU
		{FF53AD7E-86C8-49E4-9C6F-FF75284F1C1C}.Release|Any CPU.Build.0 = Release|Any CPU
		{4C36E826-1934-4924-8D70-8222B7537869}.Debug|Any CPU.ActiveCfg = Debug|Any CPU
		{4C36E826-1934-4924-8D70-8222B7537869}.Debug|Any CPU.Build.0 = Debug|Any CPU
		{4C36E826-1934-4924-8D70-8222B7537869}.Release|Any CPU.ActiveCfg = Release|Any CPU
		{4C36E826-1934-4924-8D70-8222B7537869}.Release|Any CPU.Build.0 = Release|Any CPU
		{21F3BA17-0A07-4A6D-9FC1-FB123A2D7046}.Debug|Any CPU.ActiveCfg = Debug|Any CPU
		{21F3BA17-0A07-4A6D-9FC1-FB123A2D7046}.Debug|Any CPU.Build.0 = Debug|Any CPU
		{21F3BA17-0A07-4A6D-9FC1-FB123A2D7046}.Release|Any CPU.ActiveCfg = Release|Any CPU
		{21F3BA17-0A07-4A6D-9FC1-FB123A2D7046}.Release|Any CPU.Build.0 = Release|Any CPU
		{F9531AD0-A75F-435C-A710-B5C0755A34A8}.Debug|Any CPU.ActiveCfg = Debug|Any CPU
		{F9531AD0-A75F-435C-A710-B5C0755A34A8}.Debug|Any CPU.Build.0 = Debug|Any CPU
		{F9531AD0-A75F-435C-A710-B5C0755A34A8}.Release|Any CPU.ActiveCfg = Release|Any CPU
		{F9531AD0-A75F-435C-A710-B5C0755A34A8}.Release|Any CPU.Build.0 = Release|Any CPU
	EndGlobalSection
	GlobalSection(SolutionProperties) = preSolution
		HideSolutionNode = FALSE
	EndGlobalSection
	GlobalSection(NestedProjects) = preSolution
		{D92407CF-6FD8-4930-887B-FA1A9BB15A7D} = {00421B85-D8B7-4C9A-85A7-A0701CFD9339}
		{0B63E6AB-392D-4134-86AE-96C1DCEA0DC5} = {0AC24DC4-B675-48D4-A27D-5B26204179F0}
		{C274E236-8040-4F05-A9DB-49F65A1C0DAA} = {AF2EBA73-8885-4A70-BF83-23AE7DBA5068}
		{4F9C87CF-EBCB-4E93-8D86-E9585E2D1055} = {0AC24DC4-B675-48D4-A27D-5B26204179F0}
		{1EF22B91-B338-446C-B43A-A70731B56DB6} = {00421B85-D8B7-4C9A-85A7-A0701CFD9339}
		{805EFF05-AD29-4FFD-8158-98F03174FFE0} = {0AC24DC4-B675-48D4-A27D-5B26204179F0}
		{650B2639-B427-491A-8854-DD19AC716E6A} = {AF2EBA73-8885-4A70-BF83-23AE7DBA5068}
		{FF53AD7E-86C8-49E4-9C6F-FF75284F1C1C} = {0AC24DC4-B675-48D4-A27D-5B26204179F0}
		{4C36E826-1934-4924-8D70-8222B7537869} = {00421B85-D8B7-4C9A-85A7-A0701CFD9339}
		{21F3BA17-0A07-4A6D-9FC1-FB123A2D7046} = {00421B85-D8B7-4C9A-85A7-A0701CFD9339}
		{F9531AD0-A75F-435C-A710-B5C0755A34A8} = {00421B85-D8B7-4C9A-85A7-A0701CFD9339}
	EndGlobalSection
	GlobalSection(ExtensibilityGlobals) = postSolution
		SolutionGuid = {B3936278-AE67-4914-B9E7-EFB260534F7C}
	EndGlobalSection
EndGlobal
